PODS:
  - Alamofire (4.8.2)
  - BmobSDK (2.3.1)
  - ESTabBarController-swift (2.7)
  - JXSegmentedView (0.0.17)
  - Kingfisher (4.10.1)
  - Moya (12.0.1):
    - Moya/Core (= 12.0.1)
  - Moya/Core (12.0.1):
    - Alamofire (~> 4.1)
    - Result (~> 4.0)
  - PINCache (3.0.1-beta.6):
    - PINCache/Arc-exception-safe (= 3.0.1-beta.6)
    - PINCache/Core (= 3.0.1-beta.6)
  - PINCache/Arc-exception-safe (3.0.1-beta.6):
    - PINCache/Core
  - PINCache/Core (3.0.1-beta.6):
    - PINOperation (~> 1.1.0)
  - PINOperation (1.1.2)
  - PINRemoteImage/Core (3.0.0-beta.13):
    - PINOperation
  - PINRemoteImage/iOS (3.0.0-beta.13):
    - PINRemoteImage/Core
  - PINRemoteImage/PINCache (3.0.0-beta.13):
    - PINCache (= 3.0.1-beta.6)
    - PINRemoteImage/Core
  - R.swift (5.0.3):
    - R.swift.Library (~> 5.0.0)
  - R.swift.Library (5.0.1)
  - Result (4.1.0)
  - RxCocoa (4.5.0):
    - RxSwift (>= 4.4.2, ~> 4.4)
  - RxSwift (4.5.0)
  - Texture (2.8.1):
    - Texture/AssetsLibrary (= 2.8.1)
    - Texture/Core (= 2.8.1)
    - Texture/MapKit (= 2.8.1)
    - Texture/Photos (= 2.8.1)
    - Texture/PINRemoteImage (= 2.8.1)
    - Texture/Video (= 2.8.1)
  - Texture/AssetsLibrary (2.8.1):
    - Texture/Core
  - Texture/Core (2.8.1)
  - Texture/MapKit (2.8.1):
    - Texture/Core
  - Texture/Photos (2.8.1):
    - Texture/Core
  - Texture/PINRemoteImage (2.8.1):
    - PINRemoteImage/iOS (= 3.0.0-beta.13)
    - PINRemoteImage/PINCache
    - Texture/Core
  - Texture/Video (2.8.1):
    - Texture/Core

DEPENDENCIES:
  - BmobSDK
  - ESTabBarController-swift
  - JXSegmentedView
  - Kingfisher
  - Moya (~> 12.0.1)
  - R.swift
  - RxCocoa (~> 4.5)
  - RxSwift (~> 4.5)
  - Texture

SPEC REPOS:
  https://github.com/cocoapods/specs.git:
    - Alamofire
    - BmobSDK
    - ESTabBarController-swift
    - JXSegmentedView
    - Kingfisher
    - Moya
    - PINCache
    - PINOperation
    - PINRemoteImage
    - R.swift
    - R.swift.Library
    - Result
    - RxCocoa
    - RxSwift
    - Texture

SPEC CHECKSUMS:
  Alamofire: ae5c501addb7afdbb13687d7f2f722c78734c2d3
  BmobSDK: e0f9e4b451233a80af63a8ae4f2d239474bf567b
  ESTabBarController-swift: 4fb52ad03d94d0717ef97bc9eb09a5abfdded0a2
  JXSegmentedView: 841922f0b5c9c85b74b634896028ed6b9b00a212
  Kingfisher: c148cd7b47ebde9989f6bc7c27dcaa79d81279a0
  Moya: cf730b3cd9e005401ef37a85143aa141a12fd38f
  PINCache: d195fdba255283f7e9900a55e3cced377f431f9b
  PINOperation: 24b774353ca248fcf87d67b2d61eef42087c125a
  PINRemoteImage: d6d51c5d2adda55f1ce30c96e850b6c4ebd2856a
  R.swift: f5a87643b91ea569d23d6afb3eee9c743edde239
  R.swift.Library: cfe85d569d9bae6cb262922db130e7c3a7a5fad1
  Result: bd966fac789cc6c1563440b348ab2598cc24d5c7
  RxCocoa: cbf70265dc65a981d4ac982e513c10cf23df24a0
  RxSwift: f172070dfd1a93d70a9ab97a5a01166206e1c575
  Texture: 8ecf6984065a1e54f06bf97b349ecca28582acd7

PODFILE CHECKSUM: 6fe073a67faafb0248b80629c118d42d7b25aca3

COCOAPODS: 1.5.3
